// !$*UTF8*$!
{
	archiveVersion = 1;
	classes = {
	};
	objectVersion = 46;
	objects = {

/* Begin PBXBuildFile section */
		C17A86A61C824D1F00C73422 /* AppDelegate.swift in Sources */ = {isa = PBXBuildFile; fileRef = C17A86A51C824D1F00C73422 /* AppDelegate.swift */; };
		C17A86A81C824D1F00C73422 /* ViewController.swift in Sources */ = {isa = PBXBuildFile; fileRef = C17A86A71C824D1F00C73422 /* ViewController.swift */; };
		C17A86AB1C824D1F00C73422 /* Main.storyboard in Resources */ = {isa = PBXBuildFile; fileRef = C17A86A91C824D1F00C73422 /* Main.storyboard */; };
		C17A86AD1C824D1F00C73422 /* Assets.xcassets in Resources */ = {isa = PBXBuildFile; fileRef = C17A86AC1C824D1F00C73422 /* Assets.xcassets */; };
		C17A86B01C824D1F00C73422 /* LaunchScreen.storyboard in Resources */ = {isa = PBXBuildFile; fileRef = C17A86AE1C824D1F00C73422 /* LaunchScreen.storyboard */; };
		C1D37CCB1C824E2800DC2599 /* cube.obj in Resources */ = {isa = PBXBuildFile; fileRef = C1D37CCA1C824E2800DC2599 /* cube.obj */; };
		C1D37CCD1C824E3000DC2599 /* cube.mtl in Resources */ = {isa = PBXBuildFile; fileRef = C1D37CCC1C824E3000DC2599 /* cube.mtl */; };
		C1D37CCF1C824EBB00DC2599 /* obj_source.swift in Sources */ = {isa = PBXBuildFile; fileRef = C1D37CCE1C824EBB00DC2599 /* obj_source.swift */; };
		C1E7EFD21C8F67210011F45E /* Metal.framework in Frameworks */ = {isa = PBXBuildFile; fileRef = C1E7EFD01C8F67210011F45E /* Metal.framework */; };
		C1E7EFD31C8F67210011F45E /* MetalKit.framework in Frameworks */ = {isa = PBXBuildFile; fileRef = C1E7EFD11C8F67210011F45E /* MetalKit.framework */; };
/* End PBXBuildFile section */

/* Begin PBXFileReference section */
		C17A86A21C824D1F00C73422 /* ios_cube_loader.app */ = {isa = PBXFileReference; explicitFileType = wrapper.application; includeInIndex = 0; path = ios_cube_loader.app; sourceTree = BUILT_PRODUCTS_DIR; };
		C17A86A51C824D1F00C73422 /* AppDelegate.swift */ = {isa = PBXFileReference; lastKnownFileType = sourcecode.swift; path = AppDelegate.swift; sourceTree = "<group>"; };
		C17A86A71C824D1F00C73422 /* ViewController.swift */ = {isa = PBXFileReference; lastKnownFileType = sourcecode.swift; path = ViewController.swift; sourceTree = "<group>"; };
		C17A86AA1C824D1F00C73422 /* Base */ = {isa = PBXFileReference; lastKnownFileType = file.storyboard; name = Base; path = Base.lproj/Main.storyboard; sourceTree = "<group>"; };
		C17A86AC1C824D1F00C73422 /* Assets.xcassets */ = {isa = PBXFileReference; lastKnownFileType = folder.assetcatalog; path = Assets.xcassets; sourceTree = "<group>"; };
		C17A86AF1C824D1F00C73422 /* Base */ = {isa = PBXFileReference; lastKnownFileType = file.storyboard; name = Base; path = Base.lproj/LaunchScreen.storyboard; sourceTree = "<group>"; };
		C17A86B11C824D1F00C73422 /* Info.plist */ = {isa = PBXFileReference; lastKnownFileType = text.plist.xml; path = Info.plist; sourceTree = "<group>"; };
		C1D37CCA1C824E2800DC2599 /* cube.obj */ = {isa = PBXFileReference; fileEncoding = 4; lastKnownFileType = text; path = cube.obj; sourceTree = "<group>"; };
		C1D37CCC1C824E3000DC2599 /* cube.mtl */ = {isa = PBXFileReference; fileEncoding = 4; lastKnownFileType = text; path = cube.mtl; sourceTree = "<group>"; };
		C1D37CCE1C824EBB00DC2599 /* obj_source.swift */ = {isa = PBXFileReference; fileEncoding = 4; lastKnownFileType = sourcecode.swift; name = obj_source.swift; path = ../obj_source.swift; sourceTree = "<group>"; };
		C1E7EFD01C8F67210011F45E /* Metal.framework */ = {isa = PBXFileReference; lastKnownFileType = wrapper.framework; name = Metal.framework; path = System/Library/Frameworks/Metal.framework; sourceTree = SDKROOT; };
		C1E7EFD11C8F67210011F45E /* MetalKit.framework */ = {isa = PBXFileReference; lastKnownFileType = wrapper.framework; name = MetalKit.framework; path = System/Library/Frameworks/MetalKit.framework; sourceTree = SDKROOT; };
/* End PBXFileReference section */

/* Begin PBXFrameworksBuildPhase section */
		C17A869F1C824D1F00C73422 /* Frameworks */ = {
			isa = PBXFrameworksBuildPhase;
			buildActionMask = 2147483647;
			files = (
				C1E7EFD21C8F67210011F45E /* Metal.framework in Frameworks */,
				C1E7EFD31C8F67210011F45E /* MetalKit.framework in Frameworks */,
			);
			runOnlyForDeploymentPostprocessing = 0;
		};
/* End PBXFrameworksBuildPhase section */

/* Begin PBXGroup section */
		C17A86991C824D1F00C73422 = {
			isa = PBXGroup;
			children = (
				C1E7EFD01C8F67210011F45E /* Metal.framework */,
				C1E7EFD11C8F67210011F45E /* MetalKit.framework */,
				C17A86A41C824D1F00C73422 /* ios_cube_loader */,
				C17A86A31C824D1F00C73422 /* Products */,
			);
			sourceTree = "<group>";
		};
		C17A86A31C824D1F00C73422 /* Products */ = {
			isa = PBXGroup;
			children = (
				C17A86A21C824D1F00C73422 /* ios_cube_loader.app */,
			);
			name = Products;
			sourceTree = "<group>";
		};
		C17A86A41C824D1F00C73422 /* ios_cube_loader */ = {
			isa = PBXGroup;
			children = (
				C1D37CCE1C824EBB00DC2599 /* obj_source.swift */,
				C17A86A51C824D1F00C73422 /* AppDelegate.swift */,
				C17A86A71C824D1F00C73422 /* ViewController.swift */,
				C17A86A91C824D1F00C73422 /* Main.storyboard */,
				C1D37CCC1C824E3000DC2599 /* cube.mtl */,
				C1D37CCA1C824E2800DC2599 /* cube.obj */,
				C17A86AC1C824D1F00C73422 /* Assets.xcassets */,
				C17A86AE1C824D1F00C73422 /* LaunchScreen.storyboard */,
				C17A86B11C824D1F00C73422 /* Info.plist */,
			);
			path = ios_cube_loader;
			sourceTree = "<group>";
		};
/* End PBXGroup section */

/* Begin PBXNativeTarget section */
		C17A86A11C824D1F00C73422 /* ios_cube_loader */ = {
			isa = PBXNativeTarget;
			buildConfigurationList = C17A86B41C824D1F00C73422 /* Build configuration list for PBXNativeTarget "ios_cube_loader" */;
			buildPhases = (
				C17A869E1C824D1F00C73422 /* Sources */,
				C17A869F1C824D1F00C73422 /* Frameworks */,
				C17A86A01C824D1F00C73422 /* Resources */,
			);
			buildRules = (
			);
			dependencies = (
			);
			name = ios_cube_loader;
			productName = ios_cube_loader;
			productReference = C17A86A21C824D1F00C73422 /* ios_cube_loader.app */;
			productType = "com.apple.product-type.application";
		};
/* End PBXNativeTarget section */

/* Begin PBXProject section */
		C17A869A1C824D1F00C73422 /* Project object */ = {
			isa = PBXProject;
			attributes = {
				LastSwiftUpdateCheck = 0720;
				LastUpgradeCheck = 0720;
				ORGANIZATIONNAME = "Brian Jones";
				TargetAttributes = {
					C17A86A11C824D1F00C73422 = {
						CreatedOnToolsVersion = 7.2.1;
						DevelopmentTeam = 4BFECS9F9D;
					};
				};
			};
			buildConfigurationList = C17A869D1C824D1F00C73422 /* Build configuration list for PBXProject "ios_cube_loader" */;
			compatibilityVersion = "Xcode 3.2";
			developmentRegion = English;
			hasScannedForEncodings = 0;
			knownRegions = (
				en,
				Base,
			);
			mainGroup = C17A86991C824D1F00C73422;
			productRefGroup = C17A86A31C824D1F00C73422 /* Products */;
			projectDirPath = "";
			projectRoot = "";
			targets = (
				C17A86A11C824D1F00C73422 /* ios_cube_loader */,
			);
		};
/* End PBXProject section */

/* Begin PBXResourcesBuildPhase section */
		C17A86A01C824D1F00C73422 /* Resources */ = {
			isa = PBXResourcesBuildPhase;
			buildActionMask = 2147483647;
			files = (
				C1D37CCB1C824E2800DC2599 /* cube.obj in Resources */,
				C1D37CCD1C824E3000DC2599 /* cube.mtl in Resources */,
				C17A86B01C824D1F00C73422 /* LaunchScreen.storyboard in Resources */,
				C17A86AD1C824D1F00C73422 /* Assets.xcassets in Resources */,
				C17A86AB1C824D1F00C73422 /* Main.storyboard in Resources */,
			);
			runOnlyForDeploymentPostprocessing = 0;
		};
/* End PBXResourcesBuildPhase section */

/* Begin PBXSourcesBuildPhase section */
		C17A869E1C824D1F00C73422 /* Sources */ = {
			isa = PBXSourcesBuildPhase;
			buildActionMask = 2147483647;
			files = (
				C17A86A81C824D1F00C73422 /* ViewController.swift in Sources */,
				C17A86A61C824D1F00C73422 /* AppDelegate.swift in Sources */,
				C1D37CCF1C824EBB00DC2599 /* obj_source.swift in Sources */,
			);
			runOnlyForDeploymentPostprocessing = 0;
		};
/* End PBXSourcesBuildPhase section */

/* Begin PBXVariantGroup section */
		C17A86A91C824D1F00C73422 /* Main.storyboard */ = {
			isa = PBXVariantGroup;
			children = (
				C17A86AA1C824D1F00C73422 /* Base */,
			);
			name = Main.storyboard;
			sourceTree = "<group>";
		};
		C17A86AE1C824D1F00C73422 /* LaunchScreen.storyboard */ = {
			isa = PBXVariantGroup;
			children = (
				C17A86AF1C824D1F00C73422 /* Base */,
			);
			name = LaunchScreen.storyboard;
			sourceTree = "<group>";
		};
/* End PBXVariantGroup section */

/* Begin XCBuildConfiguration section */
		C17A86B21C824D1F00C73422 /* Debug */ = {
			isa = XCBuildConfiguration;
			buildSettings = {
				ALWAYS_SEARCH_USER_PATHS = NO;
				CLANG_CXX_LANGUAGE_STANDARD = "gnu++0x";
				CLANG_CXX_LIBRARY = "libc++";
				CLANG_ENABLE_MODULES = YES;
				CLANG_ENABLE_OBJC_ARC = YES;
				CLANG_WARN_BOOL_CONVERSION = YES;
				CLANG_WARN_CONSTANT_CONVERSION = YES;
				CLANG_WARN_DIRECT_OBJC_ISA_USAGE = YES_ERROR;
				CLANG_WARN_EMPTY_BODY = YES;
				CLANG_WARN_ENUM_CONVERSION = YES;
				CLANG_WARN_INT_CONVERSION = YES;
				CLANG_WARN_OBJC_ROOT_CLASS = YES_ERROR;
				CLANG_WARN_UNREACHABLE_CODE = YES;
				CLANG_WARN__DUPLICATE_METHOD_MATCH = YES;
				"CODE_SIGN_IDENTITY[sdk=iphoneos*]" = "iPhone Developer";
				COPY_PHASE_STRIP = NO;
				DEBUG_INFORMATION_FORMAT = dwarf;
				ENABLE_STRICT_OBJC_MSGSEND = YES;
				ENABLE_TESTABILITY = YES;
				GCC_C_LANGUAGE_STANDARD = gnu99;
				GCC_DYNAMIC_NO_PIC = NO;
				GCC_NO_COMMON_BLOCKS = YES;
				GCC_OPTIMIZATION_LEVEL = 0;
				GCC_PREPROCESSOR_DEFINITIONS = (
					"DEBUG=1",
					"$(inherited)",
				);
				GCC_WARN_64_TO_32_BIT_CONVERSION = YES;
				GCC_WARN_ABOUT_RETURN_TYPE = YES_ERROR;
				GCC_WARN_UNDECLARED_SELECTOR = YES;
				GCC_WARN_UNINITIALIZED_AUTOS = YES_AGGRESSIVE;
				GCC_WARN_UNUSED_FUNCTION = YES;
				GCC_WARN_UNUSED_VARIABLE = YES;
				IPHONEOS_DEPLOYMENT_TARGET = 9.2;
				MTL_ENABLE_DEBUG_INFO = YES;
				ONLY_ACTIVE_ARCH = YES;
				SDKROOT = iphoneos;
				SWIFT_OPTIMIZATION_LEVEL = "-Onone";
				TARGETED_DEVICE_FAMILY = "1,2";
			};
			name = Debug;
		};
		C17A86B31C824D1F00C73422 /* Release */ = {
			isa = XCBuildConfiguration;
			buildSettings = {
				ALWAYS_SEARCH_USER_PATHS = NO;
				CLANG_CXX_LANGUAGE_STANDARD = "gnu++0x";
				CLANG_CXX_LIBRARY = "libc++";
				CLANG_ENABLE_MODULES = YES;
				CLANG_ENABLE_OBJC_ARC = YES;
				CLANG_WARN_BOOL_CONVERSION = YES;
				CLANG_WARN_CONSTANT_CONVERSION = YES;
				CLANG_WARN_DIRECT_OBJC_ISA_USAGE = YES_ERROR;
				CLANG_WARN_EMPTY_BODY = YES;
				CLANG_WARN_ENUM_CONVERSION = YES;
				CLANG_WARN_INT_CONVERSION = YES;
				CLANG_WARN_OBJC_ROOT_CLASS = YES_ERROR;
				CLANG_WARN_UNREACHABLE_CODE = YES;
				CLANG_WARN__DUPLICATE_METHOD_MATCH = YES;
				"CODE_SIGN_IDENTITY[sdk=iphoneos*]" = "iPhone Developer";
				COPY_PHASE_STRIP = NO;
				DEBUG_INFORMATION_FORMAT = "dwarf-with-dsym";
				ENABLE_NS_ASSERTIONS = NO;
				ENABLE_STRICT_OBJC_MSGSEND = YES;
				GCC_C_LANGUAGE_STANDARD = gnu99;
				GCC_NO_COMMON_BLOCKS = YES;
				GCC_WARN_64_TO_32_BIT_CONVERSION = YES;
				GCC_WARN_ABOUT_RETURN_TYPE = YES_ERROR;
				GCC_WARN_UNDECLARED_SELECTOR = YES;
				GCC_WARN_UNINITIALIZED_AUTOS = YES_AGGRESSIVE;
				GCC_WARN_UNUSED_FUNCTION = YES;
				GCC_WARN_UNUSED_VARIABLE = YES;
				IPHONEOS_DEPLOYMENT_TARGET = 9.2;
				MTL_ENABLE_DEBUG_INFO = NO;
				SDKROOT = iphoneos;
				TARGETED_DEVICE_FAMILY = "1,2";
				VALIDATE_PRODUCT = YES;
			};
			name = Release;
		};
		C17A86B51C824D1F00C73422 /* Debug */ = {
			isa = XCBuildConfiguration;
			buildSettings = {
				ASSETCATALOG_COMPILER_APPICON_NAME = AppIcon;
				INFOPLIST_FILE = ios_cube_loader/Info.plist;
				LD_RUNPATH_SEARCH_PATHS = "$(inherited) @executable_path/Frameworks";
				PRODUCT_BUNDLE_IDENTIFIER = "com.knu.ios-cube-loader";
				PRODUCT_NAME = "$(TARGET_NAME)";
			};
			name = Debug;
		};
		C17A86B61C824D1F00C73422 /* Release */ = {
			isa = XCBuildConfiguration;
			buildSettings = {
				ASSETCATALOG_COMPILER_APPICON_NAME = AppIcon;
				INFOPLIST_FILE = ios_cube_loader/Info.plist;
				LD_RUNPATH_SEARCH_PATHS = "$(inherited) @executable_path/Frameworks";
				PRODUCT_BUNDLE_IDENTIFIER = "com.knu.ios-cube-loader";
				PRODUCT_NAME = "$(TARGET_NAME)";
			};
			name = Release;
		};
/* End XCBuildConfiguration section */

/* Begin XCConfigurationList section */
		C17A869D1C824D1F00C73422 /* Build configuration list for PBXProject "ios_cube_loader" */ = {
			isa = XCConfigurationList;
			buildConfigurations = (
				C17A86B21C824D1F00C73422 /* Debug */,
				C17A86B31C824D1F00C73422 /* Release */,
			);
			defaultConfigurationIsVisible = 0;
			defaultConfigurationName = Release;
		};
		C17A86B41C824D1F00C73422 /* Build configuration list for PBXNativeTarget "ios_cube_loader" */ = {
			isa = XCConfigurationList;
			buildConfigurations = (
				C17A86B51C824D1F00C73422 /* Debug */,
				C17A86B61C824D1F00C73422 /* Release */,
			);
			defaultConfigurationIsVisible = 0;
			defaultConfigurationName = Release;
		};
/* End XCConfigurationList section */
	};
	rootObject = C17A869A1C824D1F00C73422 /* Project object */;
}
